// !$*UTF8*$!
{
	archiveVersion = 1;
	classes = {
	};
	objectVersion = 46;
	objects = {

/* Begin PBXBuildFile section */
		29385B7A1B793114000D0986 /* arrowImages.atlas in Resources */ = {isa = PBXBuildFile; fileRef = 29385B791B793114000D0986 /* arrowImages.atlas */; };
		29385B7D1B7941E0000D0986 /* FlameUpgradeButton.png in Resources */ = {isa = PBXBuildFile; fileRef = 29385B7C1B7941E0000D0986 /* FlameUpgradeButton.png */; };
		29385B7F1B7A8CA4000D0986 /* SlowmoUpgradeButton.png in Resources */ = {isa = PBXBuildFile; fileRef = 29385B7E1B7A8CA4000D0986 /* SlowmoUpgradeButton.png */; };
		29385B811B7AA3C4000D0986 /* Monster.swift in Sources */ = {isa = PBXBuildFile; fileRef = 29385B801B7AA3C4000D0986 /* Monster.swift */; };
		29385B831B7BB7D7000D0986 /* iAd.framework in Frameworks */ = {isa = PBXBuildFile; fileRef = 29385B821B7BB7D7000D0986 /* iAd.framework */; };
		29385B8A1B7BBB41000D0986 /* AdSupport.framework in Frameworks */ = {isa = PBXBuildFile; fileRef = 29385B881B7BBB41000D0986 /* AdSupport.framework */; };
		29385B8B1B7BBB41000D0986 /* AudioToolbox.framework in Frameworks */ = {isa = PBXBuildFile; fileRef = 29385B891B7BBB41000D0986 /* AudioToolbox.framework */; };
		29385B8D1B7BBB45000D0986 /* AVFoundation.framework in Frameworks */ = {isa = PBXBuildFile; fileRef = 29385B8C1B7BBB45000D0986 /* AVFoundation.framework */; };
		29385B961B7BBB6B000D0986 /* CoreGraphics.framework in Frameworks */ = {isa = PBXBuildFile; fileRef = 29385B8E1B7BBB6B000D0986 /* CoreGraphics.framework */; };
		29385B971B7BBB6B000D0986 /* CoreMedia.framework in Frameworks */ = {isa = PBXBuildFile; fileRef = 29385B8F1B7BBB6B000D0986 /* CoreMedia.framework */; };
		29385B981B7BBB6B000D0986 /* CoreTelephony.framework in Frameworks */ = {isa = PBXBuildFile; fileRef = 29385B901B7BBB6B000D0986 /* CoreTelephony.framework */; };
		29385B991B7BBB6B000D0986 /* EventKit.framework in Frameworks */ = {isa = PBXBuildFile; fileRef = 29385B911B7BBB6B000D0986 /* EventKit.framework */; };
		29385B9A1B7BBB6B000D0986 /* EventKitUI.framework in Frameworks */ = {isa = PBXBuildFile; fileRef = 29385B921B7BBB6B000D0986 /* EventKitUI.framework */; };
		29385B9B1B7BBB6B000D0986 /* MessageUI.framework in Frameworks */ = {isa = PBXBuildFile; fileRef = 29385B931B7BBB6B000D0986 /* MessageUI.framework */; };
		29385B9C1B7BBB6B000D0986 /* StoreKit.framework in Frameworks */ = {isa = PBXBuildFile; fileRef = 29385B941B7BBB6B000D0986 /* StoreKit.framework */; };
		29385B9D1B7BBB6B000D0986 /* SystemConfiguration.framework in Frameworks */ = {isa = PBXBuildFile; fileRef = 29385B951B7BBB6B000D0986 /* SystemConfiguration.framework */; };
		29385B9F1B7BD385000D0986 /* SocialViewController.swift in Sources */ = {isa = PBXBuildFile; fileRef = 29385B9E1B7BD385000D0986 /* SocialViewController.swift */; };
		29385BA11B7BD7F3000D0986 /* Social.framework in Frameworks */ = {isa = PBXBuildFile; fileRef = 29385BA01B7BD7F3000D0986 /* Social.framework */; };
		29385BA31B7BE588000D0986 /* InAppPurchaseViewController.swift in Sources */ = {isa = PBXBuildFile; fileRef = 29385BA21B7BE588000D0986 /* InAppPurchaseViewController.swift */; };
		294381A91B84544800E332DA /* skyBackgroundImages.atlas in Resources */ = {isa = PBXBuildFile; fileRef = 294381A81B84544800E332DA /* skyBackgroundImages.atlas */; };
		294381B31B87A40400E332DA /* AppDelegate.swift in Sources */ = {isa = PBXBuildFile; fileRef = 294381B21B87A40400E332DA /* AppDelegate.swift */; };
		294381B51B87A40400E332DA /* GameScene.swift in Sources */ = {isa = PBXBuildFile; fileRef = 294381B41B87A40400E332DA /* GameScene.swift */; };
		294381B71B87A40400E332DA /* GameScene.sks in Resources */ = {isa = PBXBuildFile; fileRef = 294381B61B87A40400E332DA /* GameScene.sks */; };
		294381B91B87A40400E332DA /* Images.xcassets in Resources */ = {isa = PBXBuildFile; fileRef = 294381B81B87A40400E332DA /* Images.xcassets */; };
		294381BC1B87A40400E332DA /* MainMenu.xib in Resources */ = {isa = PBXBuildFile; fileRef = 294381BA1B87A40400E332DA /* MainMenu.xib */; };
		294381C81B87A40400E332DA /* Dragon_Destiny_MacTests.swift in Sources */ = {isa = PBXBuildFile; fileRef = 294381C71B87A40400E332DA /* Dragon_Destiny_MacTests.swift */; };
		296354771B727DE1003E73D0 /* playerImages.atlas in Resources */ = {isa = PBXBuildFile; fileRef = 296354761B727DE1003E73D0 /* playerImages.atlas */; };
		296354851B729EC4003E73D0 /* fireballImages.atlas in Resources */ = {isa = PBXBuildFile; fileRef = 296354841B729EC4003E73D0 /* fireballImages.atlas */; };
		2963548B1B75BBEF003E73D0 /* flameImages.atlas in Resources */ = {isa = PBXBuildFile; fileRef = 2963548A1B75BBEF003E73D0 /* flameImages.atlas */; };
		2963548F1B75D426003E73D0 /* fullFlameImages.atlas in Resources */ = {isa = PBXBuildFile; fileRef = 2963548E1B75D426003E73D0 /* fullFlameImages.atlas */; };
		29C2ADF71B7C35CE005F74E2 /* duelMusic.mp3 in Resources */ = {isa = PBXBuildFile; fileRef = 29C2ADF51B7C35CE005F74E2 /* duelMusic.mp3 */; };
		29C2ADF81B7C35CE005F74E2 /* epicMusic.mp3 in Resources */ = {isa = PBXBuildFile; fileRef = 29C2ADF61B7C35CE005F74E2 /* epicMusic.mp3 */; };
		29C2ADFA1B7C36E5005F74E2 /* dubstepMusic.mp3 in Resources */ = {isa = PBXBuildFile; fileRef = 29C2ADF91B7C36E5005F74E2 /* dubstepMusic.mp3 */; };
		29C2AE001B7C40FA005F74E2 /* FireballSound.wav in Resources */ = {isa = PBXBuildFile; fileRef = 29C2ADFF1B7C40FA005F74E2 /* FireballSound.wav */; };
		29C2AE021B7C4445005F74E2 /* Flame.mp3 in Resources */ = {isa = PBXBuildFile; fileRef = 29C2AE011B7C4445005F74E2 /* Flame.mp3 */; };
		29C2AE041B7C4737005F74E2 /* funnyClang.wav in Resources */ = {isa = PBXBuildFile; fileRef = 29C2AE031B7C4737005F74E2 /* funnyClang.wav */; };
		29C2AE061B7C4CEB005F74E2 /* MusicController.swift in Sources */ = {isa = PBXBuildFile; fileRef = 29C2AE051B7C4CEB005F74E2 /* MusicController.swift */; };
		29EC4ACC1B8BAFBD00E8804D /* PlayerDeath.wav in Resources */ = {isa = PBXBuildFile; fileRef = 29EC4ACB1B8BAFBD00E8804D /* PlayerDeath.wav */; };
		29EC4ACE1B8BDBD200E8804D /* StartMenuViewController.swift in Sources */ = {isa = PBXBuildFile; fileRef = 29EC4ACD1B8BDBD200E8804D /* StartMenuViewController.swift */; };
		29F6B3851B8C07920094919F /* pause-button.png in Resources */ = {isa = PBXBuildFile; fileRef = 29F6B3831B8C07920094919F /* pause-button.png */; };
		29F6B3861B8C07920094919F /* paused-pushed.png in Resources */ = {isa = PBXBuildFile; fileRef = 29F6B3841B8C07920094919F /* paused-pushed.png */; };
		29F6B3881B8CE5A30094919F /* GoogleService-Info.plist in Resources */ = {isa = PBXBuildFile; fileRef = 29F6B3871B8CE5A30094919F /* GoogleService-Info.plist */; };
		29F6B38C1B8D3DDA0094919F /* Boss.swift in Sources */ = {isa = PBXBuildFile; fileRef = 29F6B38B1B8D3DDA0094919F /* Boss.swift */; };
		29F6B38E1B8EC2C80094919F /* crossbowImages.atlas in Resources */ = {isa = PBXBuildFile; fileRef = 29F6B38D1B8EC2C80094919F /* crossbowImages.atlas */; };
		29FA567E1B93A65500977BEF /* Shield.swift in Sources */ = {isa = PBXBuildFile; fileRef = 29FA567D1B93A65500977BEF /* Shield.swift */; };
		29FA56801B93AC4000977BEF /* Shield.png in Resources */ = {isa = PBXBuildFile; fileRef = 29FA567F1B93AC4000977BEF /* Shield.png */; };
		29FA56821B93AC6E00977BEF /* ShieldUpgradeButton.png in Resources */ = {isa = PBXBuildFile; fileRef = 29FA56811B93AC6E00977BEF /* ShieldUpgradeButton.png */; };
		357164E519DB1E4800ED38A9 /* AppDelegate.swift in Sources */ = {isa = PBXBuildFile; fileRef = 357164E419DB1E4800ED38A9 /* AppDelegate.swift */; };
		357164E919DB1E4800ED38A9 /* GameScene.swift in Sources */ = {isa = PBXBuildFile; fileRef = 357164E819DB1E4800ED38A9 /* GameScene.swift */; };
		357164EB19DB1E4800ED38A9 /* GameViewController.swift in Sources */ = {isa = PBXBuildFile; fileRef = 357164EA19DB1E4800ED38A9 /* GameViewController.swift */; };
		357164EE19DB1E4800ED38A9 /* Main.storyboard in Resources */ = {isa = PBXBuildFile; fileRef = 357164EC19DB1E4800ED38A9 /* Main.storyboard */; };
		357164F019DB1E4800ED38A9 /* Images.xcassets in Resources */ = {isa = PBXBuildFile; fileRef = 357164EF19DB1E4800ED38A9 /* Images.xcassets */; };
		357164F319DB1E4800ED38A9 /* LaunchScreen.xib in Resources */ = {isa = PBXBuildFile; fileRef = 357164F119DB1E4800ED38A9 /* LaunchScreen.xib */; };
		357164FF19DB1E4800ED38A9 /* Dragon-DestinyTests.swift in Sources */ = {isa = PBXBuildFile; fileRef = 357164FE19DB1E4800ED38A9 /* Dragon-DestinyTests.swift */; };
		3571650C19DB1F5500ED38A9 /* background-music-aac.caf in Resources */ = {isa = PBXBuildFile; fileRef = 3571650919DB1F5500ED38A9 /* background-music-aac.caf */; };
		3571650D19DB1F5500ED38A9 /* pew-pew-lei.caf in Resources */ = {isa = PBXBuildFile; fileRef = 3571650A19DB1F5500ED38A9 /* pew-pew-lei.caf */; };
		3571650E19DB1F5500ED38A9 /* sprites.atlas in Resources */ = {isa = PBXBuildFile; fileRef = 3571650B19DB1F5500ED38A9 /* sprites.atlas */; };
		3571651019DB322700ED38A9 /* GameOverScene.swift in Sources */ = {isa = PBXBuildFile; fileRef = 3571650F19DB322700ED38A9 /* GameOverScene.swift */; };
		A9FDD19B479E0BCE18046E05 /* Pods_Dragon_Destiny.framework in Frameworks */ = {isa = PBXBuildFile; fileRef = B2CE6F3A84F19A2A932D7477 /* Pods_Dragon_Destiny.framework */; settings = {ATTRIBUTES = (Weak, ); }; };
/* End PBXBuildFile section */

/* Begin PBXContainerItemProxy section */
		294381C21B87A40400E332DA /* PBXContainerItemProxy */ = {
			isa = PBXContainerItemProxy;
			containerPortal = 357164D719DB1E4800ED38A9 /* Project object */;
			proxyType = 1;
			remoteGlobalIDString = 294381AD1B87A40400E332DA;
			remoteInfo = "Dragon-Destiny-Mac";
		};
		357164F919DB1E4800ED38A9 /* PBXContainerItemProxy */ = {
			isa = PBXContainerItemProxy;
			containerPortal = 357164D719DB1E4800ED38A9 /* Project object */;
			proxyType = 1;
			remoteGlobalIDString = 357164DE19DB1E4800ED38A9;
			remoteInfo = SpriteKitSimpleGame;
		};
/* End PBXContainerItemProxy section */

/* Begin PBXFileReference section */
		29385B791B793114000D0986 /* arrowImages.atlas */ = {isa = PBXFileReference; lastKnownFileType = folder.skatlas; name = arrowImages.atlas; path = ../../../../Designs/MMO/arrowImages.atlas; sourceTree = "<group>"; };
		29385B7C1B7941E0000D0986 /* FlameUpgradeButton.png */ = {isa = PBXFileReference; lastKnownFileType = image.png; name = FlameUpgradeButton.png; path = ../../../../Designs/MMO/FlameUpgradeButton.png; sourceTree = "<group>"; };
		29385B7E1B7A8CA4000D0986 /* SlowmoUpgradeButton.png */ = {isa = PBXFileReference; lastKnownFileType = image.png; name = SlowmoUpgradeButton.png; path = ../../../../Designs/MMO/SlowmoUpgradeButton.png; sourceTree = "<group>"; };
		29385B801B7AA3C4000D0986 /* Monster.swift */ = {isa = PBXFileReference; fileEncoding = 4; lastKnownFileType = sourcecode.swift; path = Monster.swift; sourceTree = "<group>"; };
		29385B821B7BB7D7000D0986 /* iAd.framework */ = {isa = PBXFileReference; lastKnownFileType = wrapper.framework; name = iAd.framework; path = System/Library/Frameworks/iAd.framework; sourceTree = SDKROOT; };
		29385B851B7BBA95000D0986 /* Dragon-Destiny-Bridging-Header.h */ = {isa = PBXFileReference; lastKnownFileType = sourcecode.c.h; path = "Dragon-Destiny-Bridging-Header.h"; sourceTree = SOURCE_ROOT; };
		29385B881B7BBB41000D0986 /* AdSupport.framework */ = {isa = PBXFileReference; lastKnownFileType = wrapper.framework; name = AdSupport.framework; path = System/Library/Frameworks/AdSupport.framework; sourceTree = SDKROOT; };
		29385B891B7BBB41000D0986 /* AudioToolbox.framework */ = {isa = PBXFileReference; lastKnownFileType = wrapper.framework; name = AudioToolbox.framework; path = System/Library/Frameworks/AudioToolbox.framework; sourceTree = SDKROOT; };
		29385B8C1B7BBB45000D0986 /* AVFoundation.framework */ = {isa = PBXFileReference; lastKnownFileType = wrapper.framework; name = AVFoundation.framework; path = System/Library/Frameworks/AVFoundation.framework; sourceTree = SDKROOT; };
		29385B8E1B7BBB6B000D0986 /* CoreGraphics.framework */ = {isa = PBXFileReference; lastKnownFileType = wrapper.framework; name = CoreGraphics.framework; path = System/Library/Frameworks/CoreGraphics.framework; sourceTree = SDKROOT; };
		29385B8F1B7BBB6B000D0986 /* CoreMedia.framework */ = {isa = PBXFileReference; lastKnownFileType = wrapper.framework; name = CoreMedia.framework; path = System/Library/Frameworks/CoreMedia.framework; sourceTree = SDKROOT; };
		29385B901B7BBB6B000D0986 /* CoreTelephony.framework */ = {isa = PBXFileReference; lastKnownFileType = wrapper.framework; name = CoreTelephony.framework; path = System/Library/Frameworks/CoreTelephony.framework; sourceTree = SDKROOT; };
		29385B911B7BBB6B000D0986 /* EventKit.framework */ = {isa = PBXFileReference; lastKnownFileType = wrapper.framework; name = EventKit.framework; path = System/Library/Frameworks/EventKit.framework; sourceTree = SDKROOT; };
		29385B921B7BBB6B000D0986 /* EventKitUI.framework */ = {isa = PBXFileReference; lastKnownFileType = wrapper.framework; name = EventKitUI.framework; path = System/Library/Frameworks/EventKitUI.framework; sourceTree = SDKROOT; };
		29385B931B7BBB6B000D0986 /* MessageUI.framework */ = {isa = PBXFileReference; lastKnownFileType = wrapper.framework; name = MessageUI.framework; path = System/Library/Frameworks/MessageUI.framework; sourceTree = SDKROOT; };
		29385B941B7BBB6B000D0986 /* StoreKit.framework */ = {isa = PBXFileReference; lastKnownFileType = wrapper.framework; name = StoreKit.framework; path = System/Library/Frameworks/StoreKit.framework; sourceTree = SDKROOT; };
		29385B951B7BBB6B000D0986 /* SystemConfiguration.framework */ = {isa = PBXFileReference; lastKnownFileType = wrapper.framework; name = SystemConfiguration.framework; path = System/Library/Frameworks/SystemConfiguration.framework; sourceTree = SDKROOT; };
		29385B9E1B7BD385000D0986 /* SocialViewController.swift */ = {isa = PBXFileReference; fileEncoding = 4; lastKnownFileType = sourcecode.swift; name = SocialViewController.swift; path = ../SocialViewController.swift; sourceTree = "<group>"; };
		29385BA01B7BD7F3000D0986 /* Social.framework */ = {isa = PBXFileReference; lastKnownFileType = wrapper.framework; name = Social.framework; path = System/Library/Frameworks/Social.framework; sourceTree = SDKROOT; };
		29385BA21B7BE588000D0986 /* InAppPurchaseViewController.swift */ = {isa = PBXFileReference; fileEncoding = 4; lastKnownFileType = sourcecode.swift; name = InAppPurchaseViewController.swift; path = ../InAppPurchaseViewController.swift; sourceTree = "<group>"; };
		294381A81B84544800E332DA /* skyBackgroundImages.atlas */ = {isa = PBXFileReference; lastKnownFileType = folder.skatlas; name = skyBackgroundImages.atlas; path = ../../../../Designs/MMO/skyBackgroundImages.atlas; sourceTree = "<group>"; };
		294381AE1B87A40400E332DA /* Dragon-Destiny-Mac.app */ = {isa = PBXFileReference; explicitFileType = wrapper.application; includeInIndex = 0; path = "Dragon-Destiny-Mac.app"; sourceTree = BUILT_PRODUCTS_DIR; };
		294381B11B87A40400E332DA /* Info.plist */ = {isa = PBXFileReference; lastKnownFileType = text.plist.xml; path = Info.plist; sourceTree = "<group>"; };
		294381B21B87A40400E332DA /* AppDelegate.swift */ = {isa = PBXFileReference; lastKnownFileType = sourcecode.swift; path = AppDelegate.swift; sourceTree = "<group>"; };
		294381B41B87A40400E332DA /* GameScene.swift */ = {isa = PBXFileReference; lastKnownFileType = sourcecode.swift; path = GameScene.swift; sourceTree = "<group>"; };
		294381B61B87A40400E332DA /* GameScene.sks */ = {isa = PBXFileReference; lastKnownFileType = file.sks; path = GameScene.sks; sourceTree = "<group>"; };
		294381B81B87A40400E332DA /* Images.xcassets */ = {isa = PBXFileReference; lastKnownFileType = folder.assetcatalog; path = Images.xcassets; sourceTree = "<group>"; };
		294381BB1B87A40400E332DA /* Base */ = {isa = PBXFileReference; lastKnownFileType = file.xib; name = Base; path = Base.lproj/MainMenu.xib; sourceTree = "<group>"; };
		294381C11B87A40400E332DA /* Dragon-Destiny-MacTests.xctest */ = {isa = PBXFileReference; explicitFileType = wrapper.cfbundle; includeInIndex = 0; path = "Dragon-Destiny-MacTests.xctest"; sourceTree = BUILT_PRODUCTS_DIR; };
		294381C61B87A40400E332DA /* Info.plist */ = {isa = PBXFileReference; lastKnownFileType = text.plist.xml; path = Info.plist; sourceTree = "<group>"; };
		294381C71B87A40400E332DA /* Dragon_Destiny_MacTests.swift */ = {isa = PBXFileReference; lastKnownFileType = sourcecode.swift; path = Dragon_Destiny_MacTests.swift; sourceTree = "<group>"; };
		296354761B727DE1003E73D0 /* playerImages.atlas */ = {isa = PBXFileReference; lastKnownFileType = folder.skatlas; name = playerImages.atlas; path = ../../../../Designs/MMO/playerImages.atlas; sourceTree = "<group>"; };
		296354841B729EC4003E73D0 /* fireballImages.atlas */ = {isa = PBXFileReference; lastKnownFileType = folder.skatlas; name = fireballImages.atlas; path = ../fireballImages.atlas; sourceTree = "<group>"; };
		2963548A1B75BBEF003E73D0 /* flameImages.atlas */ = {isa = PBXFileReference; lastKnownFileType = folder.skatlas; name = flameImages.atlas; path = ../../../../Designs/MMO/flameImages.atlas; sourceTree = "<group>"; };
		2963548E1B75D426003E73D0 /* fullFlameImages.atlas */ = {isa = PBXFileReference; lastKnownFileType = folder.skatlas; name = fullFlameImages.atlas; path = ../../../../Designs/MMO/fullFlameImages.atlas; sourceTree = "<group>"; };
		29C2ADF51B7C35CE005F74E2 /* duelMusic.mp3 */ = {isa = PBXFileReference; lastKnownFileType = audio.mp3; path = duelMusic.mp3; sourceTree = "<group>"; };
		29C2ADF61B7C35CE005F74E2 /* epicMusic.mp3 */ = {isa = PBXFileReference; lastKnownFileType = audio.mp3; path = epicMusic.mp3; sourceTree = "<group>"; };
		29C2ADF91B7C36E5005F74E2 /* dubstepMusic.mp3 */ = {isa = PBXFileReference; lastKnownFileType = audio.mp3; path = dubstepMusic.mp3; sourceTree = "<group>"; };
		29C2ADFF1B7C40FA005F74E2 /* FireballSound.wav */ = {isa = PBXFileReference; lastKnownFileType = audio.wav; path = FireballSound.wav; sourceTree = "<group>"; };
		29C2AE011B7C4445005F74E2 /* Flame.mp3 */ = {isa = PBXFileReference; lastKnownFileType = audio.mp3; path = Flame.mp3; sourceTree = "<group>"; };
		29C2AE031B7C4737005F74E2 /* funnyClang.wav */ = {isa = PBXFileReference; lastKnownFileType = audio.wav; path = funnyClang.wav; sourceTree = "<group>"; };
		29C2AE051B7C4CEB005F74E2 /* MusicController.swift */ = {isa = PBXFileReference; fileEncoding = 4; lastKnownFileType = sourcecode.swift; path = MusicController.swift; sourceTree = "<group>"; };
		29EC4ACB1B8BAFBD00E8804D /* PlayerDeath.wav */ = {isa = PBXFileReference; lastKnownFileType = audio.wav; path = PlayerDeath.wav; sourceTree = "<group>"; };
		29EC4ACD1B8BDBD200E8804D /* StartMenuViewController.swift */ = {isa = PBXFileReference; fileEncoding = 4; lastKnownFileType = sourcecode.swift; path = StartMenuViewController.swift; sourceTree = "<group>"; };
		29F6B3831B8C07920094919F /* pause-button.png */ = {isa = PBXFileReference; lastKnownFileType = image.png; name = "pause-button.png"; path = "../../../../Designs/MMO/pause-button.png"; sourceTree = "<group>"; };
		29F6B3841B8C07920094919F /* paused-pushed.png */ = {isa = PBXFileReference; lastKnownFileType = image.png; name = "paused-pushed.png"; path = "../../../../Designs/MMO/paused-pushed.png"; sourceTree = "<group>"; };
		29F6B3871B8CE5A30094919F /* GoogleService-Info.plist */ = {isa = PBXFileReference; fileEncoding = 4; lastKnownFileType = text.plist.xml; path = "GoogleService-Info.plist"; sourceTree = "<group>"; };
		29F6B38B1B8D3DDA0094919F /* Boss.swift */ = {isa = PBXFileReference; fileEncoding = 4; lastKnownFileType = sourcecode.swift; name = Boss.swift; path = ../Boss.swift; sourceTree = "<group>"; };
		29F6B38D1B8EC2C80094919F /* crossbowImages.atlas */ = {isa = PBXFileReference; lastKnownFileType = folder.skatlas; name = crossbowImages.atlas; path = ../../../../Designs/MMO/crossbowImages.atlas; sourceTree = "<group>"; };
		29FA567D1B93A65500977BEF /* Shield.swift */ = {isa = PBXFileReference; fileEncoding = 4; lastKnownFileType = sourcecode.swift; name = Shield.swift; path = ../Shield.swift; sourceTree = "<group>"; };
		29FA567F1B93AC4000977BEF /* Shield.png */ = {isa = PBXFileReference; lastKnownFileType = image.png; name = Shield.png; path = ../../../../Designs/MMO/Shield.png; sourceTree = "<group>"; };
		29FA56811B93AC6E00977BEF /* ShieldUpgradeButton.png */ = {isa = PBXFileReference; lastKnownFileType = image.png; name = ShieldUpgradeButton.png; path = ../../../../Designs/MMO/ShieldUpgradeButton.png; sourceTree = "<group>"; };
		357164DF19DB1E4800ED38A9 /* Dragon-Destiny.app */ = {isa = PBXFileReference; explicitFileType = wrapper.application; includeInIndex = 0; path = "Dragon-Destiny.app"; sourceTree = BUILT_PRODUCTS_DIR; };
		357164E319DB1E4800ED38A9 /* Info.plist */ = {isa = PBXFileReference; lastKnownFileType = text.plist.xml; path = Info.plist; sourceTree = "<group>"; };
		357164E419DB1E4800ED38A9 /* AppDelegate.swift */ = {isa = PBXFileReference; lastKnownFileType = sourcecode.swift; path = AppDelegate.swift; sourceTree = "<group>"; };
		357164E819DB1E4800ED38A9 /* GameScene.swift */ = {isa = PBXFileReference; lastKnownFileType = sourcecode.swift; path = GameScene.swift; sourceTree = "<group>"; };
		357164EA19DB1E4800ED38A9 /* GameViewController.swift */ = {isa = PBXFileReference; lastKnownFileType = sourcecode.swift; path = GameViewController.swift; sourceTree = "<group>"; };
		357164ED19DB1E4800ED38A9 /* Base */ = {isa = PBXFileReference; lastKnownFileType = file.storyboard; name = Base; path = Base.lproj/Main.storyboard; sourceTree = "<group>"; };
		357164EF19DB1E4800ED38A9 /* Images.xcassets */ = {isa = PBXFileReference; lastKnownFileType = folder.assetcatalog; path = Images.xcassets; sourceTree = "<group>"; };
		357164F219DB1E4800ED38A9 /* Base */ = {isa = PBXFileReference; lastKnownFileType = file.xib; name = Base; path = Base.lproj/LaunchScreen.xib; sourceTree = "<group>"; };
		357164F819DB1E4800ED38A9 /* Dragon-DestinyTests.xctest */ = {isa = PBXFileReference; explicitFileType = wrapper.cfbundle; includeInIndex = 0; path = "Dragon-DestinyTests.xctest"; sourceTree = BUILT_PRODUCTS_DIR; };
		357164FD19DB1E4800ED38A9 /* Info.plist */ = {isa = PBXFileReference; lastKnownFileType = text.plist.xml; path = Info.plist; sourceTree = "<group>"; };
		357164FE19DB1E4800ED38A9 /* Dragon-DestinyTests.swift */ = {isa = PBXFileReference; lastKnownFileType = sourcecode.swift; path = "Dragon-DestinyTests.swift"; sourceTree = "<group>"; };
		3571650919DB1F5500ED38A9 /* background-music-aac.caf */ = {isa = PBXFileReference; lastKnownFileType = file; path = "background-music-aac.caf"; sourceTree = "<group>"; };
		3571650A19DB1F5500ED38A9 /* pew-pew-lei.caf */ = {isa = PBXFileReference; lastKnownFileType = file; path = "pew-pew-lei.caf"; sourceTree = "<group>"; };
		3571650B19DB1F5500ED38A9 /* sprites.atlas */ = {isa = PBXFileReference; lastKnownFileType = folder.skatlas; path = sprites.atlas; sourceTree = "<group>"; };
		3571650F19DB322700ED38A9 /* GameOverScene.swift */ = {isa = PBXFileReference; fileEncoding = 4; lastKnownFileType = sourcecode.swift; path = GameOverScene.swift; sourceTree = "<group>"; };
		4CB6BC49AA57E0D1B03AB0AD /* Pods-Dragon-Destiny.debug.xcconfig */ = {isa = PBXFileReference; includeInIndex = 1; lastKnownFileType = text.xcconfig; name = "Pods-Dragon-Destiny.debug.xcconfig"; path = "Pods/Target Support Files/Pods-Dragon-Destiny/Pods-Dragon-Destiny.debug.xcconfig"; sourceTree = "<group>"; };
		B2CE6F3A84F19A2A932D7477 /* Pods_Dragon_Destiny.framework */ = {isa = PBXFileReference; explicitFileType = wrapper.framework; includeInIndex = 0; path = Pods_Dragon_Destiny.framework; sourceTree = BUILT_PRODUCTS_DIR; };
		FEA0A53FB8FE79D2A9069AF3 /* Pods-Dragon-Destiny.release.xcconfig */ = {isa = PBXFileReference; includeInIndex = 1; lastKnownFileType = text.xcconfig; name = "Pods-Dragon-Destiny.release.xcconfig"; path = "Pods/Target Support Files/Pods-Dragon-Destiny/Pods-Dragon-Destiny.release.xcconfig"; sourceTree = "<group>"; };
/* End PBXFileReference section */

/* Begin PBXFrameworksBuildPhase section */
		294381AB1B87A40400E332DA /* Frameworks */ = {
			isa = PBXFrameworksBuildPhase;
			buildActionMask = 2147483647;
			files = (
			);
			runOnlyForDeploymentPostprocessing = 0;
		};
		294381BE1B87A40400E332DA /* Frameworks */ = {
			isa = PBXFrameworksBuildPhase;
			buildActionMask = 2147483647;
			files = (
			);
			runOnlyForDeploymentPostprocessing = 0;
		};
		357164DC19DB1E4800ED38A9 /* Frameworks */ = {
			isa = PBXFrameworksBuildPhase;
			buildActionMask = 2147483647;
			files = (
				29385BA11B7BD7F3000D0986 /* Social.framework in Frameworks */,
				29385B961B7BBB6B000D0986 /* CoreGraphics.framework in Frameworks */,
				29385B971B7BBB6B000D0986 /* CoreMedia.framework in Frameworks */,
				29385B981B7BBB6B000D0986 /* CoreTelephony.framework in Frameworks */,
				29385B991B7BBB6B000D0986 /* EventKit.framework in Frameworks */,
				29385B9A1B7BBB6B000D0986 /* EventKitUI.framework in Frameworks */,
				29385B9B1B7BBB6B000D0986 /* MessageUI.framework in Frameworks */,
				29385B9C1B7BBB6B000D0986 /* StoreKit.framework in Frameworks */,
				29385B9D1B7BBB6B000D0986 /* SystemConfiguration.framework in Frameworks */,
				29385B8D1B7BBB45000D0986 /* AVFoundation.framework in Frameworks */,
				29385B8A1B7BBB41000D0986 /* AdSupport.framework in Frameworks */,
				29385B8B1B7BBB41000D0986 /* AudioToolbox.framework in Frameworks */,
				29385B831B7BB7D7000D0986 /* iAd.framework in Frameworks */,
				A9FDD19B479E0BCE18046E05 /* Pods_Dragon_Destiny.framework in Frameworks */,
			);
			runOnlyForDeploymentPostprocessing = 0;
		};
		357164F519DB1E4800ED38A9 /* Frameworks */ = {
			isa = PBXFrameworksBuildPhase;
			buildActionMask = 2147483647;
			files = (
			);
			runOnlyForDeploymentPostprocessing = 0;
		};
/* End PBXFrameworksBuildPhase section */

/* Begin PBXGroup section */
		29385B7B1B7941CF000D0986 /* ImageAssets */ = {
			isa = PBXGroup;
			children = (
				29FA567F1B93AC4000977BEF /* Shield.png */,
				29FA56811B93AC6E00977BEF /* ShieldUpgradeButton.png */,
				29F6B3831B8C07920094919F /* pause-button.png */,
				29F6B3841B8C07920094919F /* paused-pushed.png */,
				29385B7E1B7A8CA4000D0986 /* SlowmoUpgradeButton.png */,
				29385B7C1B7941E0000D0986 /* FlameUpgradeButton.png */,
			);
			name = ImageAssets;
			sourceTree = "<group>";
		};
		294381AF1B87A40400E332DA /* Dragon-Destiny-Mac */ = {
			isa = PBXGroup;
			children = (
				294381B21B87A40400E332DA /* AppDelegate.swift */,
				294381B41B87A40400E332DA /* GameScene.swift */,
				294381B61B87A40400E332DA /* GameScene.sks */,
				294381B81B87A40400E332DA /* Images.xcassets */,
				294381BA1B87A40400E332DA /* MainMenu.xib */,
				294381B01B87A40400E332DA /* Supporting Files */,
			);
			path = "Dragon-Destiny-Mac";
			sourceTree = "<group>";
		};
		294381B01B87A40400E332DA /* Supporting Files */ = {
			isa = PBXGroup;
			children = (
				294381B11B87A40400E332DA /* Info.plist */,
			);
			name = "Supporting Files";
			sourceTree = "<group>";
		};
		294381C41B87A40400E332DA /* Dragon-Destiny-MacTests */ = {
			isa = PBXGroup;
			children = (
				294381C71B87A40400E332DA /* Dragon_Destiny_MacTests.swift */,
				294381C51B87A40400E332DA /* Supporting Files */,
			);
			path = "Dragon-Destiny-MacTests";
			sourceTree = "<group>";
		};
		294381C51B87A40400E332DA /* Supporting Files */ = {
			isa = PBXGroup;
			children = (
				294381C61B87A40400E332DA /* Info.plist */,
			);
			name = "Supporting Files";
			sourceTree = "<group>";
		};
		357164D619DB1E4800ED38A9 = {
			isa = PBXGroup;
			children = (
				357164E119DB1E4800ED38A9 /* Dragon-Destiny */,
				357164FB19DB1E4800ED38A9 /* Dragon-DestinyTests */,
				294381AF1B87A40400E332DA /* Dragon-Destiny-Mac */,
				294381C41B87A40400E332DA /* Dragon-Destiny-MacTests */,
				357164E019DB1E4800ED38A9 /* Products */,
				834ECDE401363BB716515F79 /* Frameworks */,
				848B9E5AE1205B4602BC6A6C /* Pods */,
			);
			sourceTree = "<group>";
		};
		357164E019DB1E4800ED38A9 /* Products */ = {
			isa = PBXGroup;
			children = (
				357164DF19DB1E4800ED38A9 /* Dragon-Destiny.app */,
				357164F819DB1E4800ED38A9 /* Dragon-DestinyTests.xctest */,
				294381AE1B87A40400E332DA /* Dragon-Destiny-Mac.app */,
				294381C11B87A40400E332DA /* Dragon-Destiny-MacTests.xctest */,
			);
			name = Products;
			sourceTree = "<group>";
		};
		357164E119DB1E4800ED38A9 /* Dragon-Destiny */ = {
			isa = PBXGroup;
			children = (
				29385B851B7BBA95000D0986 /* Dragon-Destiny-Bridging-Header.h */,
				29385B7B1B7941CF000D0986 /* ImageAssets */,
				3571650819DB1F5500ED38A9 /* Sounds */,
				294381A81B84544800E332DA /* skyBackgroundImages.atlas */,
				29F6B38D1B8EC2C80094919F /* crossbowImages.atlas */,
				2963548E1B75D426003E73D0 /* fullFlameImages.atlas */,
				29385B791B793114000D0986 /* arrowImages.atlas */,
				2963548A1B75BBEF003E73D0 /* flameImages.atlas */,
				296354841B729EC4003E73D0 /* fireballImages.atlas */,
				296354761B727DE1003E73D0 /* playerImages.atlas */,
				3571650B19DB1F5500ED38A9 /* sprites.atlas */,
				357164E419DB1E4800ED38A9 /* AppDelegate.swift */,
				29385BA21B7BE588000D0986 /* InAppPurchaseViewController.swift */,
				29385B9E1B7BD385000D0986 /* SocialViewController.swift */,
				29C2AE051B7C4CEB005F74E2 /* MusicController.swift */,
				29F6B38B1B8D3DDA0094919F /* Boss.swift */,
				29FA567D1B93A65500977BEF /* Shield.swift */,
				29385B801B7AA3C4000D0986 /* Monster.swift */,
				357164E819DB1E4800ED38A9 /* GameScene.swift */,
				3571650F19DB322700ED38A9 /* GameOverScene.swift */,
				357164EA19DB1E4800ED38A9 /* GameViewController.swift */,
				29EC4ACD1B8BDBD200E8804D /* StartMenuViewController.swift */,
				357164EC19DB1E4800ED38A9 /* Main.storyboard */,
				357164EF19DB1E4800ED38A9 /* Images.xcassets */,
				357164F119DB1E4800ED38A9 /* LaunchScreen.xib */,
				357164E219DB1E4800ED38A9 /* Supporting Files */,
			);
			path = "Dragon-Destiny";
			sourceTree = "<group>";
		};
		357164E219DB1E4800ED38A9 /* Supporting Files */ = {
			isa = PBXGroup;
			children = (
				29F6B3871B8CE5A30094919F /* GoogleService-Info.plist */,
				357164E319DB1E4800ED38A9 /* Info.plist */,
			);
			name = "Supporting Files";
			sourceTree = "<group>";
		};
		357164FB19DB1E4800ED38A9 /* Dragon-DestinyTests */ = {
			isa = PBXGroup;
			children = (
				357164FE19DB1E4800ED38A9 /* Dragon-DestinyTests.swift */,
				357164FC19DB1E4800ED38A9 /* Supporting Files */,
			);
			path = "Dragon-DestinyTests";
			sourceTree = "<group>";
		};
		357164FC19DB1E4800ED38A9 /* Supporting Files */ = {
			isa = PBXGroup;
			children = (
				357164FD19DB1E4800ED38A9 /* Info.plist */,
			);
			name = "Supporting Files";
			sourceTree = "<group>";
		};
		3571650819DB1F5500ED38A9 /* Sounds */ = {
			isa = PBXGroup;
			children = (
				3571650919DB1F5500ED38A9 /* background-music-aac.caf */,
				29EC4ACB1B8BAFBD00E8804D /* PlayerDeath.wav */,
				29C2ADF51B7C35CE005F74E2 /* duelMusic.mp3 */,
				29C2ADF61B7C35CE005F74E2 /* epicMusic.mp3 */,
				29C2AE031B7C4737005F74E2 /* funnyClang.wav */,
				29C2ADFF1B7C40FA005F74E2 /* FireballSound.wav */,
				29C2AE011B7C4445005F74E2 /* Flame.mp3 */,
				29C2ADF91B7C36E5005F74E2 /* dubstepMusic.mp3 */,
				3571650A19DB1F5500ED38A9 /* pew-pew-lei.caf */,
			);
			path = Sounds;
			sourceTree = "<group>";
		};
		834ECDE401363BB716515F79 /* Frameworks */ = {
			isa = PBXGroup;
			children = (
				29385BA01B7BD7F3000D0986 /* Social.framework */,
				29385B821B7BB7D7000D0986 /* iAd.framework */,
				29385B8E1B7BBB6B000D0986 /* CoreGraphics.framework */,
				29385B8F1B7BBB6B000D0986 /* CoreMedia.framework */,
				29385B901B7BBB6B000D0986 /* CoreTelephony.framework */,
				29385B911B7BBB6B000D0986 /* EventKit.framework */,
				29385B921B7BBB6B000D0986 /* EventKitUI.framework */,
				29385B931B7BBB6B000D0986 /* MessageUI.framework */,
				29385B941B7BBB6B000D0986 /* StoreKit.framework */,
				29385B951B7BBB6B000D0986 /* SystemConfiguration.framework */,
				29385B8C1B7BBB45000D0986 /* AVFoundation.framework */,
				29385B881B7BBB41000D0986 /* AdSupport.framework */,
				29385B891B7BBB41000D0986 /* AudioToolbox.framework */,
				B2CE6F3A84F19A2A932D7477 /* Pods_Dragon_Destiny.framework */,
			);
			name = Frameworks;
			sourceTree = "<group>";
		};
		848B9E5AE1205B4602BC6A6C /* Pods */ = {
			isa = PBXGroup;
			children = (
				4CB6BC49AA57E0D1B03AB0AD /* Pods-Dragon-Destiny.debug.xcconfig */,
				FEA0A53FB8FE79D2A9069AF3 /* Pods-Dragon-Destiny.release.xcconfig */,
			);
			name = Pods;
			sourceTree = "<group>";
		};
/* End PBXGroup section */

/* Begin PBXNativeTarget section */
		294381AD1B87A40400E332DA /* Dragon-Destiny-Mac */ = {
			isa = PBXNativeTarget;
			buildConfigurationList = 294381C91B87A40400E332DA /* Build configuration list for PBXNativeTarget "Dragon-Destiny-Mac" */;
			buildPhases = (
				294381AA1B87A40400E332DA /* Sources */,
				294381AB1B87A40400E332DA /* Frameworks */,
				294381AC1B87A40400E332DA /* Resources */,
			);
			buildRules = (
			);
			dependencies = (
			);
			name = "Dragon-Destiny-Mac";
			productName = "Dragon-Destiny-Mac";
			productReference = 294381AE1B87A40400E332DA /* Dragon-Destiny-Mac.app */;
			productType = "com.apple.product-type.application";
		};
		294381C01B87A40400E332DA /* Dragon-Destiny-MacTests */ = {
			isa = PBXNativeTarget;
			buildConfigurationList = 294381CC1B87A40400E332DA /* Build configuration list for PBXNativeTarget "Dragon-Destiny-MacTests" */;
			buildPhases = (
				294381BD1B87A40400E332DA /* Sources */,
				294381BE1B87A40400E332DA /* Frameworks */,
				294381BF1B87A40400E332DA /* Resources */,
			);
			buildRules = (
			);
			dependencies = (
				294381C31B87A40400E332DA /* PBXTargetDependency */,
			);
			name = "Dragon-Destiny-MacTests";
			productName = "Dragon-Destiny-MacTests";
			productReference = 294381C11B87A40400E332DA /* Dragon-Destiny-MacTests.xctest */;
			productType = "com.apple.product-type.bundle.unit-test";
		};
		357164DE19DB1E4800ED38A9 /* Dragon-Destiny */ = {
			isa = PBXNativeTarget;
			buildConfigurationList = 3571650219DB1E4800ED38A9 /* Build configuration list for PBXNativeTarget "Dragon-Destiny" */;
			buildPhases = (
				8C9075C27D71A0DA594A2F02 /* Check Pods Manifest.lock */,
				357164DB19DB1E4800ED38A9 /* Sources */,
				357164DC19DB1E4800ED38A9 /* Frameworks */,
				357164DD19DB1E4800ED38A9 /* Resources */,
				EAE5E6A50B421E90E38D0A05 /* Embed Pods Frameworks */,
				F70A23B92E4B46E051946CDB /* Copy Pods Resources */,
			);
			buildRules = (
			);
			dependencies = (
			);
			name = "Dragon-Destiny";
			productName = SpriteKitSimpleGame;
			productReference = 357164DF19DB1E4800ED38A9 /* Dragon-Destiny.app */;
			productType = "com.apple.product-type.application";
		};
		357164F719DB1E4800ED38A9 /* Dragon-DestinyTests */ = {
			isa = PBXNativeTarget;
			buildConfigurationList = 3571650519DB1E4800ED38A9 /* Build configuration list for PBXNativeTarget "Dragon-DestinyTests" */;
			buildPhases = (
				357164F419DB1E4800ED38A9 /* Sources */,
				357164F519DB1E4800ED38A9 /* Frameworks */,
				357164F619DB1E4800ED38A9 /* Resources */,
			);
			buildRules = (
			);
			dependencies = (
				357164FA19DB1E4800ED38A9 /* PBXTargetDependency */,
			);
			name = "Dragon-DestinyTests";
			productName = SpriteKitSimpleGameTests;
			productReference = 357164F819DB1E4800ED38A9 /* Dragon-DestinyTests.xctest */;
			productType = "com.apple.product-type.bundle.unit-test";
		};
/* End PBXNativeTarget section */

/* Begin PBXProject section */
		357164D719DB1E4800ED38A9 /* Project object */ = {
			isa = PBXProject;
			attributes = {
				LastUpgradeCheck = 0600;
				ORGANIZATIONNAME = "Cybenex LLC";
				TargetAttributes = {
					294381AD1B87A40400E332DA = {
						CreatedOnToolsVersion = 6.4;
					};
					294381C01B87A40400E332DA = {
						CreatedOnToolsVersion = 6.4;
						TestTargetID = 294381AD1B87A40400E332DA;
					};
					357164DE19DB1E4800ED38A9 = {
						CreatedOnToolsVersion = 6.0.1;
						DevelopmentTeam = WBG667HX6D;
					};
					357164F719DB1E4800ED38A9 = {
						CreatedOnToolsVersion = 6.0.1;
						TestTargetID = 357164DE19DB1E4800ED38A9;
					};
				};
			};
			buildConfigurationList = 357164DA19DB1E4800ED38A9 /* Build configuration list for PBXProject "Dragon-Destiny" */;
			compatibilityVersion = "Xcode 3.2";
			developmentRegion = English;
			hasScannedForEncodings = 0;
			knownRegions = (
				en,
				Base,
			);
			mainGroup = 357164D619DB1E4800ED38A9;
			productRefGroup = 357164E019DB1E4800ED38A9 /* Products */;
			projectDirPath = "";
			projectRoot = "";
			targets = (
				357164DE19DB1E4800ED38A9 /* Dragon-Destiny */,
				357164F719DB1E4800ED38A9 /* Dragon-DestinyTests */,
				294381AD1B87A40400E332DA /* Dragon-Destiny-Mac */,
				294381C01B87A40400E332DA /* Dragon-Destiny-MacTests */,
			);
		};
/* End PBXProject section */

/* Begin PBXResourcesBuildPhase section */
		294381AC1B87A40400E332DA /* Resources */ = {
			isa = PBXResourcesBuildPhase;
			buildActionMask = 2147483647;
			files = (
				294381B71B87A40400E332DA /* GameScene.sks in Resources */,
				294381B91B87A40400E332DA /* Images.xcassets in Resources */,
				294381BC1B87A40400E332DA /* MainMenu.xib in Resources */,
			);
			runOnlyForDeploymentPostprocessing = 0;
		};
		294381BF1B87A40400E332DA /* Resources */ = {
			isa = PBXResourcesBuildPhase;
			buildActionMask = 2147483647;
			files = (
			);
			runOnlyForDeploymentPostprocessing = 0;
		};
		357164DD19DB1E4800ED38A9 /* Resources */ = {
			isa = PBXResourcesBuildPhase;
			buildActionMask = 2147483647;
			files = (
				3571650E19DB1F5500ED38A9 /* sprites.atlas in Resources */,
				29385B7A1B793114000D0986 /* arrowImages.atlas in Resources */,
				29C2AE041B7C4737005F74E2 /* funnyClang.wav in Resources */,
				29C2AE001B7C40FA005F74E2 /* FireballSound.wav in Resources */,
				29C2ADF71B7C35CE005F74E2 /* duelMusic.mp3 in Resources */,
				2963548F1B75D426003E73D0 /* fullFlameImages.atlas in Resources */,
				296354771B727DE1003E73D0 /* playerImages.atlas in Resources */,
				3571650C19DB1F5500ED38A9 /* background-music-aac.caf in Resources */,
				29F6B3861B8C07920094919F /* paused-pushed.png in Resources */,
				29C2ADFA1B7C36E5005F74E2 /* dubstepMusic.mp3 in Resources */,
				294381A91B84544800E332DA /* skyBackgroundImages.atlas in Resources */,
				2963548B1B75BBEF003E73D0 /* flameImages.atlas in Resources */,
				29385B7D1B7941E0000D0986 /* FlameUpgradeButton.png in Resources */,
				29C2AE021B7C4445005F74E2 /* Flame.mp3 in Resources */,
				357164F319DB1E4800ED38A9 /* LaunchScreen.xib in Resources */,
				357164F019DB1E4800ED38A9 /* Images.xcassets in Resources */,
				29385B7F1B7A8CA4000D0986 /* SlowmoUpgradeButton.png in Resources */,
				29FA56821B93AC6E00977BEF /* ShieldUpgradeButton.png in Resources */,
				29F6B38E1B8EC2C80094919F /* crossbowImages.atlas in Resources */,
				29F6B3881B8CE5A30094919F /* GoogleService-Info.plist in Resources */,
				296354851B729EC4003E73D0 /* fireballImages.atlas in Resources */,
				29FA56801B93AC4000977BEF /* Shield.png in Resources */,
				357164EE19DB1E4800ED38A9 /* Main.storyboard in Resources */,
				29F6B3851B8C07920094919F /* pause-button.png in Resources */,
				29C2ADF81B7C35CE005F74E2 /* epicMusic.mp3 in Resources */,
				29EC4ACC1B8BAFBD00E8804D /* PlayerDeath.wav in Resources */,
				3571650D19DB1F5500ED38A9 /* pew-pew-lei.caf in Resources */,
			);
			runOnlyForDeploymentPostprocessing = 0;
		};
		357164F619DB1E4800ED38A9 /* Resources */ = {
			isa = PBXResourcesBuildPhase;
			buildActionMask = 2147483647;
			files = (
			);
			runOnlyForDeploymentPostprocessing = 0;
		};
/* End PBXResourcesBuildPhase section */

/* Begin PBXShellScriptBuildPhase section */
		8C9075C27D71A0DA594A2F02 /* Check Pods Manifest.lock */ = {
			isa = PBXShellScriptBuildPhase;
			buildActionMask = 2147483647;
			files = (
			);
			inputPaths = (
			);
			name = "Check Pods Manifest.lock";
			outputPaths = (
			);
			runOnlyForDeploymentPostprocessing = 0;
			shellPath = /bin/sh;
			shellScript = "diff \"${PODS_ROOT}/../Podfile.lock\" \"${PODS_ROOT}/Manifest.lock\" > /dev/null\nif [[ $? != 0 ]] ; then\n    cat << EOM\nerror: The sandbox is not in sync with the Podfile.lock. Run 'pod install' or update your CocoaPods installation.\nEOM\n    exit 1\nfi\n";
			showEnvVarsInLog = 0;
		};
		EAE5E6A50B421E90E38D0A05 /* Embed Pods Frameworks */ = {
			isa = PBXShellScriptBuildPhase;
			buildActionMask = 2147483647;
			files = (
			);
			inputPaths = (
			);
			name = "Embed Pods Frameworks";
			outputPaths = (
			);
			runOnlyForDeploymentPostprocessing = 0;
			shellPath = /bin/sh;
			shellScript = "\"${SRCROOT}/Pods/Target Support Files/Pods-Dragon-Destiny/Pods-Dragon-Destiny-frameworks.sh\"\n";
			showEnvVarsInLog = 0;
		};
		F70A23B92E4B46E051946CDB /* Copy Pods Resources */ = {
			isa = PBXShellScriptBuildPhase;
			buildActionMask = 2147483647;
			files = (
			);
			inputPaths = (
			);
			name = "Copy Pods Resources";
			outputPaths = (
			);
			runOnlyForDeploymentPostprocessing = 0;
			shellPath = /bin/sh;
			shellScript = "\"${SRCROOT}/Pods/Target Support Files/Pods-Dragon-Destiny/Pods-Dragon-Destiny-resources.sh\"\n";
			showEnvVarsInLog = 0;
		};
/* End PBXShellScriptBuildPhase section */

/* Begin PBXSourcesBuildPhase section */
		294381AA1B87A40400E332DA /* Sources */ = {
			isa = PBXSourcesBuildPhase;
			buildActionMask = 2147483647;
			files = (
				294381B51B87A40400E332DA /* GameScene.swift in Sources */,
				294381B31B87A40400E332DA /* AppDelegate.swift in Sources */,
			);
			runOnlyForDeploymentPostprocessing = 0;
		};
		294381BD1B87A40400E332DA /* Sources */ = {
			isa = PBXSourcesBuildPhase;
			buildActionMask = 2147483647;
			files = (
				294381C81B87A40400E332DA /* Dragon_Destiny_MacTests.swift in Sources */,
			);
			runOnlyForDeploymentPostprocessing = 0;
		};
		357164DB19DB1E4800ED38A9 /* Sources */ = {
			isa = PBXSourcesBuildPhase;
			buildActionMask = 2147483647;
			files = (
				29385B811B7AA3C4000D0986 /* Monster.swift in Sources */,
				357164E919DB1E4800ED38A9 /* GameScene.swift in Sources */,
				357164EB19DB1E4800ED38A9 /* GameViewController.swift in Sources */,
				29385BA31B7BE588000D0986 /* InAppPurchaseViewController.swift in Sources */,
				29FA567E1B93A65500977BEF /* Shield.swift in Sources */,
				29EC4ACE1B8BDBD200E8804D /* StartMenuViewController.swift in Sources */,
				29385B9F1B7BD385000D0986 /* SocialViewController.swift in Sources */,
				29C2AE061B7C4CEB005F74E2 /* MusicController.swift in Sources */,
				3571651019DB322700ED38A9 /* GameOverScene.swift in Sources */,
				29F6B38C1B8D3DDA0094919F /* Boss.swift in Sources */,
				357164E519DB1E4800ED38A9 /* AppDelegate.swift in Sources */,
			);
			runOnlyForDeploymentPostprocessing = 0;
		};
		357164F419DB1E4800ED38A9 /* Sources */ = {
			isa = PBXSourcesBuildPhase;
			buildActionMask = 2147483647;
			files = (
				357164FF19DB1E4800ED38A9 /* Dragon-DestinyTests.swift in Sources */,
			);
			runOnlyForDeploymentPostprocessing = 0;
		};
/* End PBXSourcesBuildPhase section */

/* Begin PBXTargetDependency section */
		294381C31B87A40400E332DA /* PBXTargetDependency */ = {
			isa = PBXTargetDependency;
			target = 294381AD1B87A40400E332DA /* Dragon-Destiny-Mac */;
			targetProxy = 294381C21B87A40400E332DA /* PBXContainerItemProxy */;
		};
		357164FA19DB1E4800ED38A9 /* PBXTargetDependency */ = {
			isa = PBXTargetDependency;
			target = 357164DE19DB1E4800ED38A9 /* Dragon-Destiny */;
			targetProxy = 357164F919DB1E4800ED38A9 /* PBXContainerItemProxy */;
		};
/* End PBXTargetDependency section */

/* Begin PBXVariantGroup section */
		294381BA1B87A40400E332DA /* MainMenu.xib */ = {
			isa = PBXVariantGroup;
			children = (
				294381BB1B87A40400E332DA /* Base */,
			);
			name = MainMenu.xib;
			sourceTree = "<group>";
		};
		357164EC19DB1E4800ED38A9 /* Main.storyboard */ = {
			isa = PBXVariantGroup;
			children = (
				357164ED19DB1E4800ED38A9 /* Base */,
			);
			name = Main.storyboard;
			sourceTree = "<group>";
		};
		357164F119DB1E4800ED38A9 /* LaunchScreen.xib */ = {
			isa = PBXVariantGroup;
			children = (
				357164F219DB1E4800ED38A9 /* Base */,
			);
			name = LaunchScreen.xib;
			sourceTree = "<group>";
		};
/* End PBXVariantGroup section */

/* Begin XCBuildConfiguration section */
		294381CA1B87A40400E332DA /* Debug */ = {
			isa = XCBuildConfiguration;
			buildSettings = {
				ASSETCATALOG_COMPILER_APPICON_NAME = AppIcon;
				CODE_SIGN_IDENTITY = "-";
				COMBINE_HIDPI_IMAGES = YES;
				DEBUG_INFORMATION_FORMAT = dwarf;
				GCC_NO_COMMON_BLOCKS = YES;
				GCC_PREPROCESSOR_DEFINITIONS = (
					"DEBUG=1",
					"$(inherited)",
				);
				INFOPLIST_FILE = "Dragon-Destiny-Mac/Info.plist";
				LD_RUNPATH_SEARCH_PATHS = "$(inherited) @executable_path/../Frameworks";
				MACOSX_DEPLOYMENT_TARGET = 10.10;
				PRODUCT_NAME = "$(TARGET_NAME)";
				SDKROOT = macosx;
			};
			name = Debug;
		};
		294381CB1B87A40400E332DA /* Release */ = {
			isa = XCBuildConfiguration;
			buildSettings = {
				ASSETCATALOG_COMPILER_APPICON_NAME = AppIcon;
				CODE_SIGN_IDENTITY = "-";
				COMBINE_HIDPI_IMAGES = YES;
				COPY_PHASE_STRIP = NO;
				DEBUG_INFORMATION_FORMAT = "dwarf-with-dsym";
				GCC_NO_COMMON_BLOCKS = YES;
				INFOPLIST_FILE = "Dragon-Destiny-Mac/Info.plist";
				LD_RUNPATH_SEARCH_PATHS = "$(inherited) @executable_path/../Frameworks";
				MACOSX_DEPLOYMENT_TARGET = 10.10;
				PRODUCT_NAME = "$(TARGET_NAME)";
				SDKROOT = macosx;
			};
			name = Release;
		};
		294381CD1B87A40400E332DA /* Debug */ = {
			isa = XCBuildConfiguration;
			buildSettings = {
				BUNDLE_LOADER = "$(TEST_HOST)";
				COMBINE_HIDPI_IMAGES = YES;
				DEBUG_INFORMATION_FORMAT = dwarf;
				FRAMEWORK_SEARCH_PATHS = (
					"$(DEVELOPER_FRAMEWORKS_DIR)",
					"$(inherited)",
				);
				GCC_NO_COMMON_BLOCKS = YES;
				GCC_PREPROCESSOR_DEFINITIONS = (
					"DEBUG=1",
					"$(inherited)",
				);
				INFOPLIST_FILE = "Dragon-Destiny-MacTests/Info.plist";
				LD_RUNPATH_SEARCH_PATHS = "$(inherited) @executable_path/../Frameworks @loader_path/../Frameworks";
				MACOSX_DEPLOYMENT_TARGET = 10.10;
				PRODUCT_NAME = "$(TARGET_NAME)";
				SDKROOT = macosx;
				TEST_HOST = "$(BUILT_PRODUCTS_DIR)/Dragon-Destiny-Mac.app/Contents/MacOS/Dragon-Destiny-Mac";
			};
			name = Debug;
		};
		294381CE1B87A40400E332DA /* Release */ = {
			isa = XCBuildConfiguration;
			buildSettings = {
				BUNDLE_LOADER = "$(TEST_HOST)";
				COMBINE_HIDPI_IMAGES = YES;
				COPY_PHASE_STRIP = NO;
				DEBUG_INFORMATION_FORMAT = "dwarf-with-dsym";
				FRAMEWORK_SEARCH_PATHS = (
					"$(DEVELOPER_FRAMEWORKS_DIR)",
					"$(inherited)",
				);
				GCC_NO_COMMON_BLOCKS = YES;
				INFOPLIST_FILE = "Dragon-Destiny-MacTests/Info.plist";
				LD_RUNPATH_SEARCH_PATHS = "$(inherited) @executable_path/../Frameworks @loader_path/../Frameworks";
				MACOSX_DEPLOYMENT_TARGET = 10.10;
				PRODUCT_NAME = "$(TARGET_NAME)";
				SDKROOT = macosx;
				TEST_HOST = "$(BUILT_PRODUCTS_DIR)/Dragon-Destiny-Mac.app/Contents/MacOS/Dragon-Destiny-Mac";
			};
			name = Release;
		};
		3571650019DB1E4800ED38A9 /* Debug */ = {
			isa = XCBuildConfiguration;
			buildSettings = {
				ALWAYS_SEARCH_USER_PATHS = NO;
				CLANG_CXX_LANGUAGE_STANDARD = "gnu++0x";
				CLANG_CXX_LIBRARY = "libc++";
				CLANG_ENABLE_MODULES = YES;
				CLANG_ENABLE_OBJC_ARC = YES;
				CLANG_WARN_BOOL_CONVERSION = YES;
				CLANG_WARN_CONSTANT_CONVERSION = YES;
				CLANG_WARN_DIRECT_OBJC_ISA_USAGE = YES_ERROR;
				CLANG_WARN_EMPTY_BODY = YES;
				CLANG_WARN_ENUM_CONVERSION = YES;
				CLANG_WARN_INT_CONVERSION = YES;
				CLANG_WARN_OBJC_ROOT_CLASS = YES_ERROR;
				CLANG_WARN_UNREACHABLE_CODE = YES;
				CLANG_WARN__DUPLICATE_METHOD_MATCH = YES;
				"CODE_SIGN_IDENTITY[sdk=iphoneos*]" = "iPhone Developer";
				COPY_PHASE_STRIP = NO;
				ENABLE_STRICT_OBJC_MSGSEND = YES;
				GCC_C_LANGUAGE_STANDARD = gnu99;
				GCC_DYNAMIC_NO_PIC = NO;
				GCC_OPTIMIZATION_LEVEL = 0;
				GCC_PREPROCESSOR_DEFINITIONS = (
					"DEBUG=1",
					"$(inherited)",
				);
				GCC_SYMBOLS_PRIVATE_EXTERN = NO;
				GCC_WARN_64_TO_32_BIT_CONVERSION = YES;
				GCC_WARN_ABOUT_RETURN_TYPE = YES_ERROR;
				GCC_WARN_UNDECLARED_SELECTOR = YES;
				GCC_WARN_UNINITIALIZED_AUTOS = YES_AGGRESSIVE;
				GCC_WARN_UNUSED_FUNCTION = YES;
				GCC_WARN_UNUSED_VARIABLE = YES;
				IPHONEOS_DEPLOYMENT_TARGET = 8.0;
				MTL_ENABLE_DEBUG_INFO = YES;
				ONLY_ACTIVE_ARCH = YES;
				SDKROOT = iphoneos;
				SWIFT_OPTIMIZATION_LEVEL = "-Onone";
			};
			name = Debug;
		};
		3571650119DB1E4800ED38A9 /* Release */ = {
			isa = XCBuildConfiguration;
			buildSettings = {
				ALWAYS_SEARCH_USER_PATHS = NO;
				CLANG_CXX_LANGUAGE_STANDARD = "gnu++0x";
				CLANG_CXX_LIBRARY = "libc++";
				CLANG_ENABLE_MODULES = YES;
				CLANG_ENABLE_OBJC_ARC = YES;
				CLANG_WARN_BOOL_CONVERSION = YES;
				CLANG_WARN_CONSTANT_CONVERSION = YES;
				CLANG_WARN_DIRECT_OBJC_ISA_USAGE = YES_ERROR;
				CLANG_WARN_EMPTY_BODY = YES;
				CLANG_WARN_ENUM_CONVERSION = YES;
				CLANG_WARN_INT_CONVERSION = YES;
				CLANG_WARN_OBJC_ROOT_CLASS = YES_ERROR;
				CLANG_WARN_UNREACHABLE_CODE = YES;
				CLANG_WARN__DUPLICATE_METHOD_MATCH = YES;
				"CODE_SIGN_IDENTITY[sdk=iphoneos*]" = "iPhone Developer";
				COPY_PHASE_STRIP = YES;
				ENABLE_NS_ASSERTIONS = NO;
				ENABLE_STRICT_OBJC_MSGSEND = YES;
				GCC_C_LANGUAGE_STANDARD = gnu99;
				GCC_WARN_64_TO_32_BIT_CONVERSION = YES;
				GCC_WARN_ABOUT_RETURN_TYPE = YES_ERROR;
				GCC_WARN_UNDECLARED_SELECTOR = YES;
				GCC_WARN_UNINITIALIZED_AUTOS = YES_AGGRESSIVE;
				GCC_WARN_UNUSED_FUNCTION = YES;
				GCC_WARN_UNUSED_VARIABLE = YES;
				IPHONEOS_DEPLOYMENT_TARGET = 8.0;
				MTL_ENABLE_DEBUG_INFO = NO;
				SDKROOT = iphoneos;
				VALIDATE_PRODUCT = YES;
			};
			name = Release;
		};
		3571650319DB1E4800ED38A9 /* Debug */ = {
			isa = XCBuildConfiguration;
			baseConfigurationReference = 4CB6BC49AA57E0D1B03AB0AD /* Pods-Dragon-Destiny.debug.xcconfig */;
			buildSettings = {
				ASSETCATALOG_COMPILER_APPICON_NAME = AppIcon;
				CLANG_ENABLE_MODULES = YES;
				CODE_SIGN_IDENTITY = "iPhone Developer";
				INFOPLIST_FILE = "Dragon-Destiny/Info.plist";
				LD_RUNPATH_SEARCH_PATHS = "$(inherited) @executable_path/Frameworks";
				PRODUCT_NAME = "Dragon-Destiny";
				SWIFT_OBJC_BRIDGING_HEADER = "Dragon-Destiny-Bridging-Header.h";
				SWIFT_OPTIMIZATION_LEVEL = "-Onone";
			};
			name = Debug;
		};
		3571650419DB1E4800ED38A9 /* Release */ = {
			isa = XCBuildConfiguration;
			baseConfigurationReference = FEA0A53FB8FE79D2A9069AF3 /* Pods-Dragon-Destiny.release.xcconfig */;
			buildSettings = {
				ASSETCATALOG_COMPILER_APPICON_NAME = AppIcon;
				CLANG_ENABLE_MODULES = YES;
				CODE_SIGN_IDENTITY = "iPhone Developer";
				INFOPLIST_FILE = "Dragon-Destiny/Info.plist";
				LD_RUNPATH_SEARCH_PATHS = "$(inherited) @executable_path/Frameworks";
				PRODUCT_NAME = "Dragon-Destiny";
				SWIFT_OBJC_BRIDGING_HEADER = "Dragon-Destiny-Bridging-Header.h";
			};
			name = Release;
		};
		3571650619DB1E4800ED38A9 /* Debug */ = {
			isa = XCBuildConfiguration;
			buildSettings = {
				BUNDLE_LOADER = "$(TEST_HOST)";
				FRAMEWORK_SEARCH_PATHS = (
					"$(SDKROOT)/Developer/Library/Frameworks",
					"$(inherited)",
				);
				GCC_PREPROCESSOR_DEFINITIONS = (
					"DEBUG=1",
					"$(inherited)",
				);
				INFOPLIST_FILE = "Dragon-DestinyTests/Info.plist";
				LD_RUNPATH_SEARCH_PATHS = "$(inherited) @executable_path/Frameworks @loader_path/Frameworks";
				PRODUCT_NAME = "Dragon-DestinyTests";
				TEST_HOST = "$(BUILT_PRODUCTS_DIR)/Dragon-Destiny.app/Dragon-Destiny";
			};
			name = Debug;
		};
		3571650719DB1E4800ED38A9 /* Release */ = {
			isa = XCBuildConfiguration;
			buildSettings = {
				BUNDLE_LOADER = "$(TEST_HOST)";
				FRAMEWORK_SEARCH_PATHS = (
					"$(SDKROOT)/Developer/Library/Frameworks",
					"$(inherited)",
				);
				INFOPLIST_FILE = "Dragon-DestinyTests/Info.plist";
				LD_RUNPATH_SEARCH_PATHS = "$(inherited) @executable_path/Frameworks @loader_path/Frameworks";
				PRODUCT_NAME = "Dragon-DestinyTests";
				TEST_HOST = "$(BUILT_PRODUCTS_DIR)/Dragon-Destiny.app/Dragon-Destiny";
			};
			name = Release;
		};
/* End XCBuildConfiguration section */

/* Begin XCConfigurationList section */
		294381C91B87A40400E332DA /* Build configuration list for PBXNativeTarget "Dragon-Destiny-Mac" */ = {
			isa = XCConfigurationList;
			buildConfigurations = (
				294381CA1B87A40400E332DA /* Debug */,
				294381CB1B87A40400E332DA /* Release */,
			);
			defaultConfigurationIsVisible = 0;
			defaultConfigurationName = Release;
		};
		294381CC1B87A40400E332DA /* Build configuration list for PBXNativeTarget "Dragon-Destiny-MacTests" */ = {
			isa = XCConfigurationList;
			buildConfigurations = (
				294381CD1B87A40400E332DA /* Debug */,
				294381CE1B87A40400E332DA /* Release */,
			);
			defaultConfigurationIsVisible = 0;
			defaultConfigurationName = Release;
		};
		357164DA19DB1E4800ED38A9 /* Build configuration list for PBXProject "Dragon-Destiny" */ = {
			isa = XCConfigurationList;
			buildConfigurations = (
				3571650019DB1E4800ED38A9 /* Debug */,
				3571650119DB1E4800ED38A9 /* Release */,
			);
			defaultConfigurationIsVisible = 0;
			defaultConfigurationName = Release;
		};
		3571650219DB1E4800ED38A9 /* Build configuration list for PBXNativeTarget "Dragon-Destiny" */ = {
			isa = XCConfigurationList;
			buildConfigurations = (
				3571650319DB1E4800ED38A9 /* Debug */,
				3571650419DB1E4800ED38A9 /* Release */,
			);
			defaultConfigurationIsVisible = 0;
			defaultConfigurationName = Release;
		};
		3571650519DB1E4800ED38A9 /* Build configuration list for PBXNativeTarget "Dragon-DestinyTests" */ = {
			isa = XCConfigurationList;
			buildConfigurations = (
				3571650619DB1E4800ED38A9 /* Debug */,
				3571650719DB1E4800ED38A9 /* Release */,
			);
			defaultConfigurationIsVisible = 0;
			defaultConfigurationName = Release;
		};
/* End XCConfigurationList section */
	};
	rootObject = 357164D719DB1E4800ED38A9 /* Project object */;
}
